
Microsoft Visual Studio Solution File, Format Version 12.00
# Visual Studio Version 16
VisualStudioVersion = 16.0.30907.101
MinimumVisualStudioVersion = 10.0.40219.1
Project("{FAE04EC0-301F-11D3-BF4B-00C04F79EFBC}") = "Paint", "Paint\Paint.csproj", "{D210A54D-C420-4B3B-A4DD-7D157DF422EE}"
EndProject
Project("{FAE04EC0-301F-11D3-BF4B-00C04F79EFBC}") = "MedianTransform", "MedianTransform\MedianTransform.csproj", "{E5F46CD5-15A8-44EC-8270-9FA3E1BA98B2}"
EndProject
Project("{FAE04EC0-301F-11D3-BF4B-00C04F79EFBC}") = "ReverseTransform", "ReverseTransform\ReverseTransform.csproj", "{E01369EF-6622-4BD8-96BF-B4C028F0CEDD}"
EndProject
Project("{FAE04EC0-301F-11D3-BF4B-00C04F79EFBC}") = "ColourSelect", "ColourSelect\ColourSelect.csproj", "{DA965B00-2743-4A57-BAA7-233F3B48B021}"
EndProject
Project("{54435603-DBB4-11D2-8724-00A0C9A8B90C}") = "Setup", "Setup\Setup.vdproj", "{B0F1EDF4-C5DC-40E0-8C0E-F74ECDB3F74B}"
EndProject
Global
	GlobalSection(SolutionConfigurationPlatforms) = preSolution
		All|Any CPU = All|Any CPU
		All|ARM = All|ARM
		All|ARM64 = All|ARM64
		All|x64 = All|x64
		All|x86 = All|x86
		Debug|Any CPU = Debug|Any CPU
		Debug|ARM = Debug|ARM
		Debug|ARM64 = Debug|ARM64
		Debug|x64 = Debug|x64
		Debug|x86 = Debug|x86
		Release|Any CPU = Release|Any CPU
		Release|ARM = Release|ARM
		Release|ARM64 = Release|ARM64
		Release|x64 = Release|x64
		Release|x86 = Release|x86
	EndGlobalSection
	GlobalSection(ProjectConfigurationPlatforms) = postSolution
		{D210A54D-C420-4B3B-A4DD-7D157DF422EE}.All|Any CPU.ActiveCfg = Release|Any CPU
		{D210A54D-C420-4B3B-A4DD-7D157DF422EE}.All|Any CPU.Build.0 = Release|Any CPU
		{D210A54D-C420-4B3B-A4DD-7D157DF422EE}.All|ARM.ActiveCfg = Release|Any CPU
		{D210A54D-C420-4B3B-A4DD-7D157DF422EE}.All|ARM.Build.0 = Release|Any CPU
		{D210A54D-C420-4B3B-A4DD-7D157DF422EE}.All|ARM64.ActiveCfg = Release|Any CPU
		{D210A54D-C420-4B3B-A4DD-7D157DF422EE}.All|ARM64.Build.0 = Release|Any CPU
		{D210A54D-C420-4B3B-A4DD-7D157DF422EE}.All|x64.ActiveCfg = Release|Any CPU
		{D210A54D-C420-4B3B-A4DD-7D157DF422EE}.All|x64.Build.0 = Release|Any CPU
		{D210A54D-C420-4B3B-A4DD-7D157DF422EE}.All|x86.ActiveCfg = Release|Any CPU
		{D210A54D-C420-4B3B-A4DD-7D157DF422EE}.All|x86.Build.0 = Release|Any CPU
		{D210A54D-C420-4B3B-A4DD-7D157DF422EE}.Debug|Any CPU.ActiveCfg = Debug|Any CPU
		{D210A54D-C420-4B3B-A4DD-7D157DF422EE}.Debug|Any CPU.Build.0 = Debug|Any CPU
		{D210A54D-C420-4B3B-A4DD-7D157DF422EE}.Debug|ARM.ActiveCfg = Debug|Any CPU
		{D210A54D-C420-4B3B-A4DD-7D157DF422EE}.Debug|ARM.Build.0 = Debug|Any CPU
		{D210A54D-C420-4B3B-A4DD-7D157DF422EE}.Debug|ARM64.ActiveCfg = Debug|Any CPU
		{D210A54D-C420-4B3B-A4DD-7D157DF422EE}.Debug|ARM64.Build.0 = Debug|Any CPU
		{D210A54D-C420-4B3B-A4DD-7D157DF422EE}.Debug|x64.ActiveCfg = Debug|Any CPU
		{D210A54D-C420-4B3B-A4DD-7D157DF422EE}.Debug|x64.Build.0 = Debug|Any CPU
		{D210A54D-C420-4B3B-A4DD-7D157DF422EE}.Debug|x86.ActiveCfg = Debug|Any CPU
		{D210A54D-C420-4B3B-A4DD-7D157DF422EE}.Debug|x86.Build.0 = Debug|Any CPU
		{D210A54D-C420-4B3B-A4DD-7D157DF422EE}.Release|Any CPU.ActiveCfg = Release|Any CPU
		{D210A54D-C420-4B3B-A4DD-7D157DF422EE}.Release|Any CPU.Build.0 = Release|Any CPU
		{D210A54D-C420-4B3B-A4DD-7D157DF422EE}.Release|ARM.ActiveCfg = Release|Any CPU
		{D210A54D-C420-4B3B-A4DD-7D157DF422EE}.Release|ARM.Build.0 = Release|Any CPU
		{D210A54D-C420-4B3B-A4DD-7D157DF422EE}.Release|ARM64.ActiveCfg = Release|Any CPU
		{D210A54D-C420-4B3B-A4DD-7D157DF422EE}.Release|ARM64.Build.0 = Release|Any CPU
		{D210A54D-C420-4B3B-A4DD-7D157DF422EE}.Release|x64.ActiveCfg = Release|Any CPU
		{D210A54D-C420-4B3B-A4DD-7D157DF422EE}.Release|x64.Build.0 = Release|Any CPU
		{D210A54D-C420-4B3B-A4DD-7D157DF422EE}.Release|x86.ActiveCfg = Release|Any CPU
		{D210A54D-C420-4B3B-A4DD-7D157DF422EE}.Release|x86.Build.0 = Release|Any CPU
		{E5F46CD5-15A8-44EC-8270-9FA3E1BA98B2}.All|Any CPU.ActiveCfg = Release|Any CPU
		{E5F46CD5-15A8-44EC-8270-9FA3E1BA98B2}.All|Any CPU.Build.0 = Release|Any CPU
		{E5F46CD5-15A8-44EC-8270-9FA3E1BA98B2}.All|ARM.ActiveCfg = Release|Any CPU
		{E5F46CD5-15A8-44EC-8270-9FA3E1BA98B2}.All|ARM.Build.0 = Release|Any CPU
		{E5F46CD5-15A8-44EC-8270-9FA3E1BA98B2}.All|ARM64.ActiveCfg = Release|Any CPU
		{E5F46CD5-15A8-44EC-8270-9FA3E1BA98B2}.All|ARM64.Build.0 = Release|Any CPU
		{E5F46CD5-15A8-44EC-8270-9FA3E1BA98B2}.All|x64.ActiveCfg = Release|Any CPU
		{E5F46CD5-15A8-44EC-8270-9FA3E1BA98B2}.All|x64.Build.0 = Release|Any CPU
		{E5F46CD5-15A8-44EC-8270-9FA3E1BA98B2}.All|x86.ActiveCfg = Release|Any CPU
		{E5F46CD5-15A8-44EC-8270-9FA3E1BA98B2}.All|x86.Build.0 = Release|Any CPU
		{E5F46CD5-15A8-44EC-8270-9FA3E1BA98B2}.Debug|Any CPU.ActiveCfg = Debug|Any CPU
		{E5F46CD5-15A8-44EC-8270-9FA3E1BA98B2}.Debug|Any CPU.Build.0 = Debug|Any CPU
		{E5F46CD5-15A8-44EC-8270-9FA3E1BA98B2}.Debug|ARM.ActiveCfg = Debug|Any CPU
		{E5F46CD5-15A8-44EC-8270-9FA3E1BA98B2}.Debug|ARM.Build.0 = Debug|Any CPU
		{E5F46CD5-15A8-44EC-8270-9FA3E1BA98B2}.Debug|ARM64.ActiveCfg = Debug|Any CPU
		{E5F46CD5-15A8-44EC-8270-9FA3E1BA98B2}.Debug|ARM64.Build.0 = Debug|Any CPU
		{E5F46CD5-15A8-44EC-8270-9FA3E1BA98B2}.Debug|x64.ActiveCfg = Debug|Any CPU
		{E5F46CD5-15A8-44EC-8270-9FA3E1BA98B2}.Debug|x64.Build.0 = Debug|Any CPU
		{E5F46CD5-15A8-44EC-8270-9FA3E1BA98B2}.Debug|x86.ActiveCfg = Debug|Any CPU
		{E5F46CD5-15A8-44EC-8270-9FA3E1BA98B2}.Debug|x86.Build.0 = Debug|Any CPU
		{E5F46CD5-15A8-44EC-8270-9FA3E1BA98B2}.Release|Any CPU.ActiveCfg = Release|Any CPU
		{E5F46CD5-15A8-44EC-8270-9FA3E1BA98B2}.Release|Any CPU.Build.0 = Release|Any CPU
		{E5F46CD5-15A8-44EC-8270-9FA3E1BA98B2}.Release|ARM.ActiveCfg = Release|Any CPU
		{E5F46CD5-15A8-44EC-8270-9FA3E1BA98B2}.Release|ARM.Build.0 = Release|Any CPU
		{E5F46CD5-15A8-44EC-8270-9FA3E1BA98B2}.Release|ARM64.ActiveCfg = Release|Any CPU
		{E5F46CD5-15A8-44EC-8270-9FA3E1BA98B2}.Release|ARM64.Build.0 = Release|Any CPU
		{E5F46CD5-15A8-44EC-8270-9FA3E1BA98B2}.Release|x64.ActiveCfg = Release|Any CPU
		{E5F46CD5-15A8-44EC-8270-9FA3E1BA98B2}.Release|x64.Build.0 = Release|Any CPU
		{E5F46CD5-15A8-44EC-8270-9FA3E1BA98B2}.Release|x86.ActiveCfg = Release|Any CPU
		{E5F46CD5-15A8-44EC-8270-9FA3E1BA98B2}.Release|x86.Build.0 = Release|Any CPU
		{E01369EF-6622-4BD8-96BF-B4C028F0CEDD}.All|Any CPU.ActiveCfg = Release|Any CPU
		{E01369EF-6622-4BD8-96BF-B4C028F0CEDD}.All|Any CPU.Build.0 = Release|Any CPU
		{E01369EF-6622-4BD8-96BF-B4C028F0CEDD}.All|ARM.ActiveCfg = Release|Any CPU
		{E01369EF-6622-4BD8-96BF-B4C028F0CEDD}.All|ARM.Build.0 = Release|Any CPU
		{E01369EF-6622-4BD8-96BF-B4C028F0CEDD}.All|ARM64.ActiveCfg = Release|Any CPU
		{E01369EF-6622-4BD8-96BF-B4C028F0CEDD}.All|ARM64.Build.0 = Release|Any CPU
		{E01369EF-6622-4BD8-96BF-B4C028F0CEDD}.All|x64.ActiveCfg = Release|Any CPU
		{E01369EF-6622-4BD8-96BF-B4C028F0CEDD}.All|x64.Build.0 = Release|Any CPU
		{E01369EF-6622-4BD8-96BF-B4C028F0CEDD}.All|x86.ActiveCfg = Release|Any CPU
		{E01369EF-6622-4BD8-96BF-B4C028F0CEDD}.All|x86.Build.0 = Release|Any CPU
		{E01369EF-6622-4BD8-96BF-B4C028F0CEDD}.Debug|Any CPU.ActiveCfg = Debug|Any CPU
		{E01369EF-6622-4BD8-96BF-B4C028F0CEDD}.Debug|Any CPU.Build.0 = Debug|Any CPU
		{E01369EF-6622-4BD8-96BF-B4C028F0CEDD}.Debug|ARM.ActiveCfg = Debug|Any CPU
		{E01369EF-6622-4BD8-96BF-B4C028F0CEDD}.Debug|ARM.Build.0 = Debug|Any CPU
		{E01369EF-6622-4BD8-96BF-B4C028F0CEDD}.Debug|ARM64.ActiveCfg = Debug|Any CPU
		{E01369EF-6622-4BD8-96BF-B4C028F0CEDD}.Debug|ARM64.Build.0 = Debug|Any CPU
		{E01369EF-6622-4BD8-96BF-B4C028F0CEDD}.Debug|x64.ActiveCfg = Debug|Any CPU
		{E01369EF-6622-4BD8-96BF-B4C028F0CEDD}.Debug|x64.Build.0 = Debug|Any CPU
		{E01369EF-6622-4BD8-96BF-B4C028F0CEDD}.Debug|x86.ActiveCfg = Debug|Any CPU
		{E01369EF-6622-4BD8-96BF-B4C028F0CEDD}.Debug|x86.Build.0 = Debug|Any CPU
		{E01369EF-6622-4BD8-96BF-B4C028F0CEDD}.Release|Any CPU.ActiveCfg = Release|Any CPU
		{E01369EF-6622-4BD8-96BF-B4C028F0CEDD}.Release|Any CPU.Build.0 = Release|Any CPU
		{E01369EF-6622-4BD8-96BF-B4C028F0CEDD}.Release|ARM.ActiveCfg = Release|Any CPU
		{E01369EF-6622-4BD8-96BF-B4C028F0CEDD}.Release|ARM.Build.0 = Release|Any CPU
		{E01369EF-6622-4BD8-96BF-B4C028F0CEDD}.Release|ARM64.ActiveCfg = Release|Any CPU
		{E01369EF-6622-4BD8-96BF-B4C028F0CEDD}.Release|ARM64.Build.0 = Release|Any CPU
		{E01369EF-6622-4BD8-96BF-B4C028F0CEDD}.Release|x64.ActiveCfg = Release|Any CPU
		{E01369EF-6622-4BD8-96BF-B4C028F0CEDD}.Release|x64.Build.0 = Release|Any CPU
		{E01369EF-6622-4BD8-96BF-B4C028F0CEDD}.Release|x86.ActiveCfg = Release|Any CPU
		{E01369EF-6622-4BD8-96BF-B4C028F0CEDD}.Release|x86.Build.0 = Release|Any CPU
		{DA965B00-2743-4A57-BAA7-233F3B48B021}.All|Any CPU.ActiveCfg = Release|Any CPU
		{DA965B00-2743-4A57-BAA7-233F3B48B021}.All|Any CPU.Build.0 = Release|Any CPU
		{DA965B00-2743-4A57-BAA7-233F3B48B021}.All|ARM.ActiveCfg = Release|Any CPU
		{DA965B00-2743-4A57-BAA7-233F3B48B021}.All|ARM.Build.0 = Release|Any CPU
		{DA965B00-2743-4A57-BAA7-233F3B48B021}.All|ARM64.ActiveCfg = Release|Any CPU
		{DA965B00-2743-4A57-BAA7-233F3B48B021}.All|ARM64.Build.0 = Release|Any CPU
		{DA965B00-2743-4A57-BAA7-233F3B48B021}.All|x64.ActiveCfg = Release|Any CPU
		{DA965B00-2743-4A57-BAA7-233F3B48B021}.All|x64.Build.0 = Release|Any CPU
		{DA965B00-2743-4A57-BAA7-233F3B48B021}.All|x86.ActiveCfg = Release|Any CPU
		{DA965B00-2743-4A57-BAA7-233F3B48B021}.All|x86.Build.0 = Release|Any CPU
		{DA965B00-2743-4A57-BAA7-233F3B48B021}.Debug|Any CPU.ActiveCfg = Debug|Any CPU
		{DA965B00-2743-4A57-BAA7-233F3B48B021}.Debug|Any CPU.Build.0 = Debug|Any CPU
		{DA965B00-2743-4A57-BAA7-233F3B48B021}.Debug|ARM.ActiveCfg = Debug|Any CPU
		{DA965B00-2743-4A57-BAA7-233F3B48B021}.Debug|ARM.Build.0 = Debug|Any CPU
		{DA965B00-2743-4A57-BAA7-233F3B48B021}.Debug|ARM64.ActiveCfg = Debug|Any CPU
		{DA965B00-2743-4A57-BAA7-233F3B48B021}.Debug|ARM64.Build.0 = Debug|Any CPU
		{DA965B00-2743-4A57-BAA7-233F3B48B021}.Debug|x64.ActiveCfg = Debug|Any CPU
		{DA965B00-2743-4A57-BAA7-233F3B48B021}.Debug|x64.Build.0 = Debug|Any CPU
		{DA965B00-2743-4A57-BAA7-233F3B48B021}.Debug|x86.ActiveCfg = Debug|Any CPU
		{DA965B00-2743-4A57-BAA7-233F3B48B021}.Debug|x86.Build.0 = Debug|Any CPU
		{DA965B00-2743-4A57-BAA7-233F3B48B021}.Release|Any CPU.ActiveCfg = Release|Any CPU
		{DA965B00-2743-4A57-BAA7-233F3B48B021}.Release|Any CPU.Build.0 = Release|Any CPU
		{DA965B00-2743-4A57-BAA7-233F3B48B021}.Release|ARM.ActiveCfg = Release|Any CPU
		{DA965B00-2743-4A57-BAA7-233F3B48B021}.Release|ARM.Build.0 = Release|Any CPU
		{DA965B00-2743-4A57-BAA7-233F3B48B021}.Release|ARM64.ActiveCfg = Release|Any CPU
		{DA965B00-2743-4A57-BAA7-233F3B48B021}.Release|ARM64.Build.0 = Release|Any CPU
		{DA965B00-2743-4A57-BAA7-233F3B48B021}.Release|x64.ActiveCfg = Release|Any CPU
		{DA965B00-2743-4A57-BAA7-233F3B48B021}.Release|x64.Build.0 = Release|Any CPU
		{DA965B00-2743-4A57-BAA7-233F3B48B021}.Release|x86.ActiveCfg = Release|Any CPU
		{DA965B00-2743-4A57-BAA7-233F3B48B021}.Release|x86.Build.0 = Release|Any CPU
		{B0F1EDF4-C5DC-40E0-8C0E-F74ECDB3F74B}.All|Any CPU.ActiveCfg = Debug
		{B0F1EDF4-C5DC-40E0-8C0E-F74ECDB3F74B}.All|ARM.ActiveCfg = Debug
		{B0F1EDF4-C5DC-40E0-8C0E-F74ECDB3F74B}.All|ARM64.ActiveCfg = Debug
		{B0F1EDF4-C5DC-40E0-8C0E-F74ECDB3F74B}.All|x64.ActiveCfg = Debug
		{B0F1EDF4-C5DC-40E0-8C0E-F74ECDB3F74B}.All|x86.ActiveCfg = Debug
		{B0F1EDF4-C5DC-40E0-8C0E-F74ECDB3F74B}.Debug|Any CPU.ActiveCfg = Debug
		{B0F1EDF4-C5DC-40E0-8C0E-F74ECDB3F74B}.Debug|ARM.ActiveCfg = Debug
		{B0F1EDF4-C5DC-40E0-8C0E-F74ECDB3F74B}.Debug|ARM64.ActiveCfg = Debug
		{B0F1EDF4-C5DC-40E0-8C0E-F74ECDB3F74B}.Debug|x64.ActiveCfg = Debug
		{B0F1EDF4-C5DC-40E0-8C0E-F74ECDB3F74B}.Debug|x86.ActiveCfg = Debug
		{B0F1EDF4-C5DC-40E0-8C0E-F74ECDB3F74B}.Release|Any CPU.ActiveCfg = Release
		{B0F1EDF4-C5DC-40E0-8C0E-F74ECDB3F74B}.Release|ARM.ActiveCfg = Release
		{B0F1EDF4-C5DC-40E0-8C0E-F74ECDB3F74B}.Release|ARM64.ActiveCfg = Release
		{B0F1EDF4-C5DC-40E0-8C0E-F74ECDB3F74B}.Release|x64.ActiveCfg = Release
		{B0F1EDF4-C5DC-40E0-8C0E-F74ECDB3F74B}.Release|x86.ActiveCfg = Release
	EndGlobalSection
	GlobalSection(SolutionProperties) = preSolution
		HideSolutionNode = FALSE
	EndGlobalSection
	GlobalSection(ExtensibilityGlobals) = postSolution
		SolutionGuid = {9D31BE41-1F8E-4B31-B4D5-33178126B41D}
	EndGlobalSection
EndGlobal
